
Microsoft Visual Studio Solution File, Format Version 12.00
# Visual Studio Version 16
VisualStudioVersion = 16.0.29905.134
MinimumVisualStudioVersion = 10.0.40219.1
Project("{FAE04EC0-301F-11D3-BF4B-00C04F79EFBC}") = "Level2", "Level2\Level2.csproj", "{C24A30BA-BEE5-4395-8334-1F75FB0203AE}"
EndProject
Project("{FAE04EC0-301F-11D3-BF4B-00C04F79EFBC}") = "Level2.BusinessLayer", "Level2.BusinessLayer\Level2.BusinessLayer.csproj", "{4A01C0E6-0FCF-41E1-9A73-B9F220751D08}"
EndProject
Project("{FAE04EC0-301F-11D3-BF4B-00C04F79EFBC}") = "Level2.Test", "Level2.Test\Level2.Test.csproj", "{D7395674-CD7D-4D21-88CD-3662793B340C}"
EndProject
Global
	GlobalSection(SolutionConfigurationPlatforms) = preSolution
		Debug|Any CPU = Debug|Any CPU
		Release|Any CPU = Release|Any CPU
	EndGlobalSection
	GlobalSection(ProjectConfigurationPlatforms) = postSolution
		{C24A30BA-BEE5-4395-8334-1F75FB0203AE}.Debug|Any CPU.ActiveCfg = Debug|Any CPU
		{C24A30BA-BEE5-4395-8334-1F75FB0203AE}.Debug|Any CPU.Build.0 = Debug|Any CPU
		{C24A30BA-BEE5-4395-8334-1F75FB0203AE}.Release|Any CPU.ActiveCfg = Release|Any CPU
		{C24A30BA-BEE5-4395-8334-1F75FB0203AE}.Release|Any CPU.Build.0 = Release|Any CPU
		{4A01C0E6-0FCF-41E1-9A73-B9F220751D08}.Debug|Any CPU.ActiveCfg = Debug|Any CPU
		{4A01C0E6-0FCF-41E1-9A73-B9F220751D08}.Debug|Any CPU.Build.0 = Debug|Any CPU
		{4A01C0E6-0FCF-41E1-9A73-B9F220751D08}.Release|Any CPU.ActiveCfg = Release|Any CPU
		{4A01C0E6-0FCF-41E1-9A73-B9F220751D08}.Release|Any CPU.Build.0 = Release|Any CPU
		{D7395674-CD7D-4D21-88CD-3662793B340C}.Debug|Any CPU.ActiveCfg = Debug|Any CPU
		{D7395674-CD7D-4D21-88CD-3662793B340C}.Debug|Any CPU.Build.0 = Debug|Any CPU
		{D7395674-CD7D-4D21-88CD-3662793B340C}.Release|Any CPU.ActiveCfg = Release|Any CPU
		{D7395674-CD7D-4D21-88CD-3662793B340C}.Release|Any CPU.Build.0 = Release|Any CPU
	EndGlobalSection
	GlobalSection(SolutionProperties) = preSolution
		HideSolutionNode = FALSE
	EndGlobalSection
	GlobalSection(ExtensibilityGlobals) = postSolution
		SolutionGuid = {ECE79B6C-BEA2-475D-8E25-655CA2D4741D}
	EndGlobalSection
EndGlobal
